
Microsoft Visual Studio Solution File, Format Version 12.00
# Visual Studio Version 16
VisualStudioVersion = 16.0.31911.196
MinimumVisualStudioVersion = 10.0.40219.1
Project("{FAE04EC0-301F-11D3-BF4B-00C04F79EFBC}") = "Scooter", "Scooter\Scooter.csproj", "{A385BC87-2668-45EB-AB9F-0C591010AB5F}"
EndProject
Project("{FAE04EC0-301F-11D3-BF4B-00C04F79EFBC}") = "Scooter.WebAPI", "Scooter.WebAPI\Scooter.WebAPI.csproj", "{87BFDFD5-F40D-4E59-BA02-63038877DBF4}"
EndProject
Global
	GlobalSection(SolutionConfigurationPlatforms) = preSolution
		Debug|Any CPU = Debug|Any CPU
		Release|Any CPU = Release|Any CPU
	EndGlobalSection
	GlobalSection(ProjectConfigurationPlatforms) = postSolution
		{A385BC87-2668-45EB-AB9F-0C591010AB5F}.Debug|Any CPU.ActiveCfg = Debug|Any CPU
		{A385BC87-2668-45EB-AB9F-0C591010AB5F}.Debug|Any CPU.Build.0 = Debug|Any CPU
		{A385BC87-2668-45EB-AB9F-0C591010AB5F}.Release|Any CPU.ActiveCfg = Release|Any CPU
		{A385BC87-2668-45EB-AB9F-0C591010AB5F}.Release|Any CPU.Build.0 = Release|Any CPU
		{87BFDFD5-F40D-4E59-BA02-63038877DBF4}.Debug|Any CPU.ActiveCfg = Debug|Any CPU
		{87BFDFD5-F40D-4E59-BA02-63038877DBF4}.Debug|Any CPU.Build.0 = Debug|Any CPU
		{87BFDFD5-F40D-4E59-BA02-63038877DBF4}.Release|Any CPU.ActiveCfg = Release|Any CPU
		{87BFDFD5-F40D-4E59-BA02-63038877DBF4}.Release|Any CPU.Build.0 = Release|Any CPU
	EndGlobalSection
	GlobalSection(SolutionProperties) = preSolution
		HideSolutionNode = FALSE
	EndGlobalSection
	GlobalSection(ExtensibilityGlobals) = postSolution
		SolutionGuid = {67227519-BFA9-4433-BA59-DDD703238A63}
	EndGlobalSection
EndGlobal
